
Microsoft Visual Studio Solution File, Format Version 12.00
# Visual Studio 15
VisualStudioVersion = 15.0.28010.2026
MinimumVisualStudioVersion = 10.0.40219.1
Project("{2150E333-8FDC-42A3-9474-1A3956D46DE8}") = "UsersManagement", "UsersManagement", "{C9F2457E-4B93-49D4-8358-96FE4A69CCDA}"
EndProject
Project("{00D1A9C2-B5F0-4AF3-8072-F6C62B433612}") = "UsersDB", "UsersManagement\UsersDB\UsersDB.sqlproj", "{FDCB2B66-5943-4D71-9F44-61BB59EE84D2}"
EndProject
Project("{9A19103F-16F7-4668-BE54-9A1E7A4F7556}") = "UsersAPI", "UsersManagement\UsersAPI\UsersAPI.csproj", "{0A376D21-8600-485D-BD54-78EB05D9E6A5}"
EndProject
Project("{9A19103F-16F7-4668-BE54-9A1E7A4F7556}") = "AuthAPI", "UsersManagement\AuthAPI\AuthAPI.csproj", "{8A92D2B4-BB53-4E46-B014-B8046D25CF76}"
EndProject
Project("{2150E333-8FDC-42A3-9474-1A3956D46DE8}") = "docs", "docs", "{72BE846E-AC4A-4A38-A1EC-3F6660622187}"
	ProjectSection(SolutionItems) = preProject
		docs\docs-auth-api.txt = docs\docs-auth-api.txt
		docs\docs-users-api.txt = docs\docs-users-api.txt
	EndProjectSection
EndProject
Project("{2150E333-8FDC-42A3-9474-1A3956D46DE8}") = "UI", "UI", "{26353419-C318-48EA-A73E-B2468A17E6F0}"
EndProject
Project("{FAE04EC0-301F-11D3-BF4B-00C04F79EFBC}") = "Xems", "UI\Xems\Xems.csproj", "{9EB8D8E7-2E0D-42B1-B128-6A6E2EEF0E5E}"
EndProject
Project("{2150E333-8FDC-42A3-9474-1A3956D46DE8}") = "Libraries", "Libraries", "{F2B69650-9F7B-4AF3-A41B-AC657D2E203F}"
EndProject
Project("{9A19103F-16F7-4668-BE54-9A1E7A4F7556}") = "XemsLogger", "Libraries\XemsLogger\XemsLogger.csproj", "{22094085-6575-4984-A480-3A3C74F027B9}"
EndProject
Project("{2150E333-8FDC-42A3-9474-1A3956D46DE8}") = "Tests", "Tests", "{E37F5EB1-7CC1-4D22-A255-D13DB73BB7FA}"
EndProject
Project("{9A19103F-16F7-4668-BE54-9A1E7A4F7556}") = "XemsLoggerTest", "Tests\XemsLoggerTest\XemsLoggerTest.csproj", "{87CC1A5C-E552-4A4B-AA34-235B9F0E53FA}"
EndProject
Project("{9A19103F-16F7-4668-BE54-9A1E7A4F7556}") = "XemsMailer", "Libraries\XemsMailer\XemsMailer.csproj", "{3609F72A-FB87-49C8-89E9-77B1598F0A3D}"
EndProject
Project("{9A19103F-16F7-4668-BE54-9A1E7A4F7556}") = "XemsPasswordHash", "Libraries\XemsPasswordHash\XemsPasswordHash.csproj", "{0541A48A-71DC-4D82-8719-B70999D352DB}"
EndProject
Project("{9A19103F-16F7-4668-BE54-9A1E7A4F7556}") = "PasswordHasherTest", "Tests\PasswordHasherTest\PasswordHasherTest.csproj", "{2F542EC9-C2DF-4698-9C0A-026C727B85E1}"
EndProject
Project("{FAE04EC0-301F-11D3-BF4B-00C04F79EFBC}") = "XemsCustomControls", "UI\XemsCustomControls\XemsCustomControls.csproj", "{9383E14D-10CC-4D84-9595-12EF1B496AAE}"
EndProject
Project("{FAE04EC0-301F-11D3-BF4B-00C04F79EFBC}") = "XemsUserControls", "UI\XemsUserControls\XemsUserControls.csproj", "{C6A851A7-7CE8-4418-AC6E-C8DC4782FE55}"
EndProject
Project("{2150E333-8FDC-42A3-9474-1A3956D46DE8}") = "Exams", "Exams", "{0E083345-56FE-48AB-8E4E-BBF3C1CC2FD9}"
EndProject
Project("{9A19103F-16F7-4668-BE54-9A1E7A4F7556}") = "ExamsAPI", "Exams\ExamsAPI\ExamsAPI.csproj", "{405D81EF-BF2F-4E6F-9754-23302D959132}"
EndProject
Project("{2150E333-8FDC-42A3-9474-1A3956D46DE8}") = "MongoDb", "MongoDb", "{CB8D3ABD-283F-4D63-92EB-B6575B5D2924}"
	ProjectSection(SolutionItems) = preProject
		Exams\MongoDb\Steps.txt = Exams\MongoDb\Steps.txt
	EndProjectSection
EndProject
Project("{2150E333-8FDC-42A3-9474-1A3956D46DE8}") = "Messages", "Messages", "{D383ECC8-9434-4727-B61D-73C8E733EA9A}"
EndProject
Project("{00D1A9C2-B5F0-4AF3-8072-F6C62B433612}") = "MessagesDB", "Messages\MessagesDB\MessagesDB.sqlproj", "{9A8B1D19-2565-4BF6-8040-746625A8600E}"
EndProject
Project("{FAE04EC0-301F-11D3-BF4B-00C04F79EFBC}") = "MessagesAPI", "Messages\MessagesAPI\MessagesAPI.csproj", "{ECE9E3E7-16E2-4752-BC9D-DC7B35BCDB38}"
EndProject
Project("{FAE04EC0-301F-11D3-BF4B-00C04F79EFBC}") = "UsersApiConsumer", "Libraries\UsersApiConsumer\UsersApiConsumer.csproj", "{FF539B7F-94C6-49CF-9A5E-A44463484B43}"
EndProject
Project("{FAE04EC0-301F-11D3-BF4B-00C04F79EFBC}") = "ExamsApiConsumer", "Libraries\ExamsApiConsumer\ExamsApiConsumer.csproj", "{A74A6D20-ED78-483B-B500-320725051B58}"
EndProject
Project("{FAE04EC0-301F-11D3-BF4B-00C04F79EFBC}") = "MessagesApiConsumer", "Libraries\MessagesApiConsumer\MessagesApiConsumer.csproj", "{B8384D35-ECA2-4CCA-91B8-758448822228}"
EndProject
Project("{FAE04EC0-301F-11D3-BF4B-00C04F79EFBC}") = "AuthTokenService", "Libraries\AuthTokenService\AuthTokenService.csproj", "{2012B55B-9F78-42A1-984D-DB38840BCDE4}"
EndProject
Global
	GlobalSection(SolutionConfigurationPlatforms) = preSolution
		Debug|Any CPU = Debug|Any CPU
		Release|Any CPU = Release|Any CPU
	EndGlobalSection
	GlobalSection(ProjectConfigurationPlatforms) = postSolution
		{FDCB2B66-5943-4D71-9F44-61BB59EE84D2}.Debug|Any CPU.ActiveCfg = Debug|Any CPU
		{FDCB2B66-5943-4D71-9F44-61BB59EE84D2}.Debug|Any CPU.Build.0 = Debug|Any CPU
		{FDCB2B66-5943-4D71-9F44-61BB59EE84D2}.Debug|Any CPU.Deploy.0 = Debug|Any CPU
		{FDCB2B66-5943-4D71-9F44-61BB59EE84D2}.Release|Any CPU.ActiveCfg = Release|Any CPU
		{FDCB2B66-5943-4D71-9F44-61BB59EE84D2}.Release|Any CPU.Build.0 = Release|Any CPU
		{FDCB2B66-5943-4D71-9F44-61BB59EE84D2}.Release|Any CPU.Deploy.0 = Release|Any CPU
		{0A376D21-8600-485D-BD54-78EB05D9E6A5}.Debug|Any CPU.ActiveCfg = Debug|Any CPU
		{0A376D21-8600-485D-BD54-78EB05D9E6A5}.Debug|Any CPU.Build.0 = Debug|Any CPU
		{0A376D21-8600-485D-BD54-78EB05D9E6A5}.Release|Any CPU.ActiveCfg = Release|Any CPU
		{0A376D21-8600-485D-BD54-78EB05D9E6A5}.Release|Any CPU.Build.0 = Release|Any CPU
		{8A92D2B4-BB53-4E46-B014-B8046D25CF76}.Debug|Any CPU.ActiveCfg = Debug|Any CPU
		{8A92D2B4-BB53-4E46-B014-B8046D25CF76}.Debug|Any CPU.Build.0 = Debug|Any CPU
		{8A92D2B4-BB53-4E46-B014-B8046D25CF76}.Release|Any CPU.ActiveCfg = Release|Any CPU
		{8A92D2B4-BB53-4E46-B014-B8046D25CF76}.Release|Any CPU.Build.0 = Release|Any CPU
		{9EB8D8E7-2E0D-42B1-B128-6A6E2EEF0E5E}.Debug|Any CPU.ActiveCfg = Debug|Any CPU
		{9EB8D8E7-2E0D-42B1-B128-6A6E2EEF0E5E}.Debug|Any CPU.Build.0 = Debug|Any CPU
		{9EB8D8E7-2E0D-42B1-B128-6A6E2EEF0E5E}.Release|Any CPU.ActiveCfg = Release|Any CPU
		{9EB8D8E7-2E0D-42B1-B128-6A6E2EEF0E5E}.Release|Any CPU.Build.0 = Release|Any CPU
		{22094085-6575-4984-A480-3A3C74F027B9}.Debug|Any CPU.ActiveCfg = Debug|Any CPU
		{22094085-6575-4984-A480-3A3C74F027B9}.Debug|Any CPU.Build.0 = Debug|Any CPU
		{22094085-6575-4984-A480-3A3C74F027B9}.Release|Any CPU.ActiveCfg = Release|Any CPU
		{22094085-6575-4984-A480-3A3C74F027B9}.Release|Any CPU.Build.0 = Release|Any CPU
		{87CC1A5C-E552-4A4B-AA34-235B9F0E53FA}.Debug|Any CPU.ActiveCfg = Debug|Any CPU
		{87CC1A5C-E552-4A4B-AA34-235B9F0E53FA}.Debug|Any CPU.Build.0 = Debug|Any CPU
		{87CC1A5C-E552-4A4B-AA34-235B9F0E53FA}.Release|Any CPU.ActiveCfg = Release|Any CPU
		{87CC1A5C-E552-4A4B-AA34-235B9F0E53FA}.Release|Any CPU.Build.0 = Release|Any CPU
		{3609F72A-FB87-49C8-89E9-77B1598F0A3D}.Debug|Any CPU.ActiveCfg = Debug|Any CPU
		{3609F72A-FB87-49C8-89E9-77B1598F0A3D}.Debug|Any CPU.Build.0 = Debug|Any CPU
		{3609F72A-FB87-49C8-89E9-77B1598F0A3D}.Release|Any CPU.ActiveCfg = Release|Any CPU
		{3609F72A-FB87-49C8-89E9-77B1598F0A3D}.Release|Any CPU.Build.0 = Release|Any CPU
		{0541A48A-71DC-4D82-8719-B70999D352DB}.Debug|Any CPU.ActiveCfg = Debug|Any CPU
		{0541A48A-71DC-4D82-8719-B70999D352DB}.Debug|Any CPU.Build.0 = Debug|Any CPU
		{0541A48A-71DC-4D82-8719-B70999D352DB}.Release|Any CPU.ActiveCfg = Release|Any CPU
		{0541A48A-71DC-4D82-8719-B70999D352DB}.Release|Any CPU.Build.0 = Release|Any CPU
		{2F542EC9-C2DF-4698-9C0A-026C727B85E1}.Debug|Any CPU.ActiveCfg = Debug|Any CPU
		{2F542EC9-C2DF-4698-9C0A-026C727B85E1}.Debug|Any CPU.Build.0 = Debug|Any CPU
		{2F542EC9-C2DF-4698-9C0A-026C727B85E1}.Release|Any CPU.ActiveCfg = Release|Any CPU
		{2F542EC9-C2DF-4698-9C0A-026C727B85E1}.Release|Any CPU.Build.0 = Release|Any CPU
		{9383E14D-10CC-4D84-9595-12EF1B496AAE}.Debug|Any CPU.ActiveCfg = Debug|Any CPU
		{9383E14D-10CC-4D84-9595-12EF1B496AAE}.Debug|Any CPU.Build.0 = Debug|Any CPU
		{9383E14D-10CC-4D84-9595-12EF1B496AAE}.Release|Any CPU.ActiveCfg = Release|Any CPU
		{9383E14D-10CC-4D84-9595-12EF1B496AAE}.Release|Any CPU.Build.0 = Release|Any CPU
		{C6A851A7-7CE8-4418-AC6E-C8DC4782FE55}.Debug|Any CPU.ActiveCfg = Debug|Any CPU
		{C6A851A7-7CE8-4418-AC6E-C8DC4782FE55}.Debug|Any CPU.Build.0 = Debug|Any CPU
		{C6A851A7-7CE8-4418-AC6E-C8DC4782FE55}.Release|Any CPU.ActiveCfg = Release|Any CPU
		{C6A851A7-7CE8-4418-AC6E-C8DC4782FE55}.Release|Any CPU.Build.0 = Release|Any CPU
		{405D81EF-BF2F-4E6F-9754-23302D959132}.Debug|Any CPU.ActiveCfg = Debug|Any CPU
		{405D81EF-BF2F-4E6F-9754-23302D959132}.Debug|Any CPU.Build.0 = Debug|Any CPU
		{405D81EF-BF2F-4E6F-9754-23302D959132}.Release|Any CPU.ActiveCfg = Release|Any CPU
		{405D81EF-BF2F-4E6F-9754-23302D959132}.Release|Any CPU.Build.0 = Release|Any CPU
		{9A8B1D19-2565-4BF6-8040-746625A8600E}.Debug|Any CPU.ActiveCfg = Debug|Any CPU
		{9A8B1D19-2565-4BF6-8040-746625A8600E}.Debug|Any CPU.Build.0 = Debug|Any CPU
		{9A8B1D19-2565-4BF6-8040-746625A8600E}.Debug|Any CPU.Deploy.0 = Debug|Any CPU
		{9A8B1D19-2565-4BF6-8040-746625A8600E}.Release|Any CPU.ActiveCfg = Release|Any CPU
		{9A8B1D19-2565-4BF6-8040-746625A8600E}.Release|Any CPU.Build.0 = Release|Any CPU
		{9A8B1D19-2565-4BF6-8040-746625A8600E}.Release|Any CPU.Deploy.0 = Release|Any CPU
		{ECE9E3E7-16E2-4752-BC9D-DC7B35BCDB38}.Debug|Any CPU.ActiveCfg = Debug|Any CPU
		{ECE9E3E7-16E2-4752-BC9D-DC7B35BCDB38}.Debug|Any CPU.Build.0 = Debug|Any CPU
		{ECE9E3E7-16E2-4752-BC9D-DC7B35BCDB38}.Release|Any CPU.ActiveCfg = Release|Any CPU
		{ECE9E3E7-16E2-4752-BC9D-DC7B35BCDB38}.Release|Any CPU.Build.0 = Release|Any CPU
		{FF539B7F-94C6-49CF-9A5E-A44463484B43}.Debug|Any CPU.ActiveCfg = Debug|Any CPU
		{FF539B7F-94C6-49CF-9A5E-A44463484B43}.Debug|Any CPU.Build.0 = Debug|Any CPU
		{FF539B7F-94C6-49CF-9A5E-A44463484B43}.Release|Any CPU.ActiveCfg = Release|Any CPU
		{FF539B7F-94C6-49CF-9A5E-A44463484B43}.Release|Any CPU.Build.0 = Release|Any CPU
		{A74A6D20-ED78-483B-B500-320725051B58}.Debug|Any CPU.ActiveCfg = Debug|Any CPU
		{A74A6D20-ED78-483B-B500-320725051B58}.Debug|Any CPU.Build.0 = Debug|Any CPU
		{A74A6D20-ED78-483B-B500-320725051B58}.Release|Any CPU.ActiveCfg = Release|Any CPU
		{A74A6D20-ED78-483B-B500-320725051B58}.Release|Any CPU.Build.0 = Release|Any CPU
		{B8384D35-ECA2-4CCA-91B8-758448822228}.Debug|Any CPU.ActiveCfg = Debug|Any CPU
		{B8384D35-ECA2-4CCA-91B8-758448822228}.Debug|Any CPU.Build.0 = Debug|Any CPU
		{B8384D35-ECA2-4CCA-91B8-758448822228}.Release|Any CPU.ActiveCfg = Release|Any CPU
		{B8384D35-ECA2-4CCA-91B8-758448822228}.Release|Any CPU.Build.0 = Release|Any CPU
		{2012B55B-9F78-42A1-984D-DB38840BCDE4}.Debug|Any CPU.ActiveCfg = Debug|Any CPU
		{2012B55B-9F78-42A1-984D-DB38840BCDE4}.Debug|Any CPU.Build.0 = Debug|Any CPU
		{2012B55B-9F78-42A1-984D-DB38840BCDE4}.Release|Any CPU.ActiveCfg = Release|Any CPU
		{2012B55B-9F78-42A1-984D-DB38840BCDE4}.Release|Any CPU.Build.0 = Release|Any CPU
	EndGlobalSection
	GlobalSection(SolutionProperties) = preSolution
		HideSolutionNode = FALSE
	EndGlobalSection
	GlobalSection(NestedProjects) = preSolution
		{FDCB2B66-5943-4D71-9F44-61BB59EE84D2} = {C9F2457E-4B93-49D4-8358-96FE4A69CCDA}
		{0A376D21-8600-485D-BD54-78EB05D9E6A5} = {C9F2457E-4B93-49D4-8358-96FE4A69CCDA}
		{8A92D2B4-BB53-4E46-B014-B8046D25CF76} = {C9F2457E-4B93-49D4-8358-96FE4A69CCDA}
		{9EB8D8E7-2E0D-42B1-B128-6A6E2EEF0E5E} = {26353419-C318-48EA-A73E-B2468A17E6F0}
		{22094085-6575-4984-A480-3A3C74F027B9} = {F2B69650-9F7B-4AF3-A41B-AC657D2E203F}
		{87CC1A5C-E552-4A4B-AA34-235B9F0E53FA} = {E37F5EB1-7CC1-4D22-A255-D13DB73BB7FA}
		{3609F72A-FB87-49C8-89E9-77B1598F0A3D} = {F2B69650-9F7B-4AF3-A41B-AC657D2E203F}
		{0541A48A-71DC-4D82-8719-B70999D352DB} = {F2B69650-9F7B-4AF3-A41B-AC657D2E203F}
		{2F542EC9-C2DF-4698-9C0A-026C727B85E1} = {E37F5EB1-7CC1-4D22-A255-D13DB73BB7FA}
		{9383E14D-10CC-4D84-9595-12EF1B496AAE} = {26353419-C318-48EA-A73E-B2468A17E6F0}
		{C6A851A7-7CE8-4418-AC6E-C8DC4782FE55} = {26353419-C318-48EA-A73E-B2468A17E6F0}
		{405D81EF-BF2F-4E6F-9754-23302D959132} = {0E083345-56FE-48AB-8E4E-BBF3C1CC2FD9}
		{CB8D3ABD-283F-4D63-92EB-B6575B5D2924} = {0E083345-56FE-48AB-8E4E-BBF3C1CC2FD9}
		{9A8B1D19-2565-4BF6-8040-746625A8600E} = {D383ECC8-9434-4727-B61D-73C8E733EA9A}
		{ECE9E3E7-16E2-4752-BC9D-DC7B35BCDB38} = {D383ECC8-9434-4727-B61D-73C8E733EA9A}
		{FF539B7F-94C6-49CF-9A5E-A44463484B43} = {F2B69650-9F7B-4AF3-A41B-AC657D2E203F}
		{A74A6D20-ED78-483B-B500-320725051B58} = {F2B69650-9F7B-4AF3-A41B-AC657D2E203F}
		{B8384D35-ECA2-4CCA-91B8-758448822228} = {F2B69650-9F7B-4AF3-A41B-AC657D2E203F}
		{2012B55B-9F78-42A1-984D-DB38840BCDE4} = {F2B69650-9F7B-4AF3-A41B-AC657D2E203F}
	EndGlobalSection
	GlobalSection(ExtensibilityGlobals) = postSolution
		SolutionGuid = {508F7CFC-8E46-47B4-9C01-B93072C8F374}
	EndGlobalSection
EndGlobal
